
Microsoft Visual Studio Solution File, Format Version 12.00
# Visual Studio Version 17
VisualStudioVersion = 17.1.32421.90
MinimumVisualStudioVersion = 10.0.40219.1
Project("{9A19103F-16F7-4668-BE54-9A1E7A4F7556}") = "CarClassLibrary", "CarClassLibrary\CarClassLibrary.csproj", "{F66C9DE0-74E9-4F84-8237-60D19E77B16B}"
EndProject
Project("{FAE04EC0-301F-11D3-BF4B-00C04F79EFBC}") = "CarConsoleApp", "CarConsoleApp\CarConsoleApp.csproj", "{151B0D5A-299B-4430-8C96-336BE29D1746}"
EndProject
Global
	GlobalSection(SolutionConfigurationPlatforms) = preSolution
		Debug|Any CPU = Debug|Any CPU
		Release|Any CPU = Release|Any CPU
	EndGlobalSection
	GlobalSection(ProjectConfigurationPlatforms) = postSolution
		{F66C9DE0-74E9-4F84-8237-60D19E77B16B}.Debug|Any CPU.ActiveCfg = Debug|Any CPU
		{F66C9DE0-74E9-4F84-8237-60D19E77B16B}.Debug|Any CPU.Build.0 = Debug|Any CPU
		{F66C9DE0-74E9-4F84-8237-60D19E77B16B}.Release|Any CPU.ActiveCfg = Release|Any CPU
		{F66C9DE0-74E9-4F84-8237-60D19E77B16B}.Release|Any CPU.Build.0 = Release|Any CPU
		{151B0D5A-299B-4430-8C96-336BE29D1746}.Debug|Any CPU.ActiveCfg = Debug|Any CPU
		{151B0D5A-299B-4430-8C96-336BE29D1746}.Debug|Any CPU.Build.0 = Debug|Any CPU
		{151B0D5A-299B-4430-8C96-336BE29D1746}.Release|Any CPU.ActiveCfg = Release|Any CPU
		{151B0D5A-299B-4430-8C96-336BE29D1746}.Release|Any CPU.Build.0 = Release|Any CPU
	EndGlobalSection
	GlobalSection(SolutionProperties) = preSolution
		HideSolutionNode = FALSE
	EndGlobalSection
	GlobalSection(ExtensibilityGlobals) = postSolution
		SolutionGuid = {64A63736-EA95-4205-A0EB-2B4516E82381}
	EndGlobalSection
EndGlobal
